PODS:
  - app_settings (4.3.0):
    - Flutter
  - background_fetch (1.2.1):
    - Flutter
  - CocoaLumberjack (3.7.4):
    - CocoaLumberjack/Core (= 3.7.4)
  - CocoaLumberjack/Core (3.7.4)
  - document_file_save_plus (0.0.1):
    - Flutter
  - Flutter (1.0.0)
  - flutter_background_geolocation (4.12.2):
    - CocoaLumberjack (~> 3.7.2)
    - Flutter
  - google_maps_flutter_ios (0.0.1):
    - Flutter
    - GoogleMaps (< 8.0)
  - GoogleMaps (5.2.0):
    - GoogleMaps/Maps (= 5.2.0)
  - GoogleMaps/Base (5.2.0)
  - GoogleMaps/Maps (5.2.0):
    - GoogleMaps/Base
  - path_provider_foundation (0.0.1):
    - Flutter
    - FlutterMacOS
  - permission_handler_apple (9.1.1):
    - Flutter

DEPENDENCIES:
  - app_settings (from `.symlinks/plugins/app_settings/ios`)
  - background_fetch (from `.symlinks/plugins/background_fetch/ios`)
  - document_file_save_plus (from `.symlinks/plugins/document_file_save_plus/ios`)
  - Flutter (from `Flutter`)
  - flutter_background_geolocation (from `.symlinks/plugins/flutter_background_geolocation/ios`)
  - google_maps_flutter_ios (from `.symlinks/plugins/google_maps_flutter_ios/ios`)
  - path_provider_foundation (from `.symlinks/plugins/path_provider_foundation/darwin`)
  - permission_handler_apple (from `.symlinks/plugins/permission_handler_apple/ios`)

SPEC REPOS:
  trunk:
    - CocoaLumberjack
    - GoogleMaps

EXTERNAL SOURCES:
  app_settings:
    :path: ".symlinks/plugins/app_settings/ios"
  background_fetch:
    :path: ".symlinks/plugins/background_fetch/ios"
  document_file_save_plus:
    :path: ".symlinks/plugins/document_file_save_plus/ios"
  Flutter:
    :path: Flutter
  flutter_background_geolocation:
    :path: ".symlinks/plugins/flutter_background_geolocation/ios"
  google_maps_flutter_ios:
    :path: ".symlinks/plugins/google_maps_flutter_ios/ios"
  path_provider_foundation:
    :path: ".symlinks/plugins/path_provider_foundation/darwin"
  permission_handler_apple:
    :path: ".symlinks/plugins/permission_handler_apple/ios"

SPEC CHECKSUMS:
  app_settings: ee4ae4d1c9a907a23b81c40e5c56a5ca8a20a62b
  background_fetch: 896944864b038d2837fc750d470e9841e1e6a363
  CocoaLumberjack: 543c79c114dadc3b1aba95641d8738b06b05b646
  document_file_save_plus: 913d440d8b611ae19add4522ed578e3ed1483a2f
  Flutter: f04841e97a9d0b0a8025694d0796dd46242b2854
  flutter_background_geolocation: d7174636af3574b994b40e7b87c87a44279e29a6
  google_maps_flutter_ios: abdac20d6ce8931f6ebc5f46616df241bfaa2cfd
  GoogleMaps: 025272d5876d3b32604e5c080dc25eaf68764693
  path_provider_foundation: 29f094ae23ebbca9d3d0cec13889cd9060c0e943
  permission_handler_apple: e76247795d700c14ea09e3a2d8855d41ee80a2e6

PODFILE CHECKSUM: 70d9d25280d0dd177a5f637cdb0f0b0b12c6a189

COCOAPODS: 1.12.1
